{
  "name": "@paradoxum-games/lyra",
  "version": "0.4.1",
  "lockfileVersion": 3,
  "requires": true,
  "packages": {
    "": {
      "name": "@paradoxum-games/lyra",
      "version": "0.4.1",
      "license": "ISC",
      "dependencies": {
        "@paradoxum-games/promise": "4.0.1",
        "@paradoxum-games/sift": "0.0.9",
        "@paradoxum-games/t": "3.1.1"
      }
    },
    "node_modules/@paradoxum-games/promise": {
      "version": "4.0.1",
      "resolved": "https://npm.pkg.github.com/download/@paradoxum-games/promise/4.0.1/196a5076fd35985891935f1307df4ba090e9ece3",
      "integrity": "sha512-dRvCdn6XnGNx73O37OWRviozca0GZQTZkb5eRSsuILsn/Ei2yyBJAEb+fHQsC4v3l3c30sGLTUio9eHOZvTtMQ==",
      "license": "MIT"
    },
    "node_modules/@paradoxum-games/sift": {
      "version": "0.0.9",
      "resolved": "https://npm.pkg.github.com/download/@paradoxum-games/sift/0.0.9/4aaf39bcb248db6525eceab30fdba0bc48ec13cf",
      "integrity": "sha512-Dcvkf4riznCSbRS7ASThviwjpLbmCUR64KItnE6KtJhVOMMV+yBm5hYjP+p1f7ISJ5dI7YHKIbl3sALt9vq5WA==",
      "license": "MIT"
    },
    "node_modules/@paradoxum-games/t": {
      "version": "3.1.1",
      "resolved": "https://npm.pkg.github.com/download/@paradoxum-games/t/3.1.1/088091f51b46ab189b6674e506fab812878bfdf9",
      "integrity": "sha512-iKSk4KK6WXr3zguRq9v55ArgEXlaejdgF76KznaxKix3CTcWF5NusdCFks/qqMUdxkQlhEBipX7WxttpCSvvcg==",
      "license": "ISC"
    }
  }
}
