lockfileVersion: '9.0'

settings:
  autoInstallPeers: true
  excludeLinksFromLockfile: false

importers:

  .:
    dependencies:
      '@paradoxum-games/promise':
        specifier: 4.0.1
        version: 4.0.1
      '@paradoxum-games/t':
        specifier: 3.1.1
        version: 3.1.1

packages:

  '@paradoxum-games/promise@4.0.1':
    resolution: {integrity: sha512-dRvCdn6XnGNx73O37OWRviozca0GZQTZkb5eRSsuILsn/Ei2yyBJAEb+fHQsC4v3l3c30sGLTUio9eHOZvTtMQ==, tarball: https://npm.pkg.github.com/download/@paradoxum-games/promise/4.0.1/196a5076fd35985891935f1307df4ba090e9ece3}

  '@paradoxum-games/t@3.1.1':
    resolution: {integrity: sha512-iKSk4KK6WXr3zguRq9v55ArgEXlaejdgF76KznaxKix3CTcWF5NusdCFks/qqMUdxkQlhEBipX7WxttpCSvvcg==, tarball: https://npm.pkg.github.com/download/@paradoxum-games/t/3.1.1/088091f51b46ab189b6674e506fab812878bfdf9}

snapshots:

  '@paradoxum-games/promise@4.0.1': {}

  '@paradoxum-games/t@3.1.1': {}
